
Microsoft Visual Studio Solution File, Format Version 12.00
# Visual Studio Version 16
VisualStudioVersion = 16.0.30413.136
MinimumVisualStudioVersion = 10.0.40219.1
Project("{FAE04EC0-301F-11D3-BF4B-00C04F79EFBC}") = "DeclaringAndCalling", "DeclaringAndCalling\DeclaringAndCalling.csproj", "{83A92ED4-F8CB-4319-A1C2-C14B8FE1C72A}"
EndProject
Project("{FAE04EC0-301F-11D3-BF4B-00C04F79EFBC}") = "LibraryBakery", "LibraryBakery\LibraryBakery.csproj", "{B7BF9867-E133-4730-A324-D7B233CD88D7}"
EndProject
Project("{FAE04EC0-301F-11D3-BF4B-00C04F79EFBC}") = "TestingBakery", "TestingBakery\TestingBakery.csproj", "{CCC80A97-59B7-45BA-B749-F66504AE36A0}"
EndProject
Global
	GlobalSection(SolutionConfigurationPlatforms) = preSolution
		Debug|Any CPU = Debug|Any CPU
		Release|Any CPU = Release|Any CPU
	EndGlobalSection
	GlobalSection(ProjectConfigurationPlatforms) = postSolution
		{83A92ED4-F8CB-4319-A1C2-C14B8FE1C72A}.Debug|Any CPU.ActiveCfg = Debug|Any CPU
		{83A92ED4-F8CB-4319-A1C2-C14B8FE1C72A}.Debug|Any CPU.Build.0 = Debug|Any CPU
		{83A92ED4-F8CB-4319-A1C2-C14B8FE1C72A}.Release|Any CPU.ActiveCfg = Release|Any CPU
		{83A92ED4-F8CB-4319-A1C2-C14B8FE1C72A}.Release|Any CPU.Build.0 = Release|Any CPU
		{B7BF9867-E133-4730-A324-D7B233CD88D7}.Debug|Any CPU.ActiveCfg = Debug|Any CPU
		{B7BF9867-E133-4730-A324-D7B233CD88D7}.Debug|Any CPU.Build.0 = Debug|Any CPU
		{B7BF9867-E133-4730-A324-D7B233CD88D7}.Release|Any CPU.ActiveCfg = Release|Any CPU
		{B7BF9867-E133-4730-A324-D7B233CD88D7}.Release|Any CPU.Build.0 = Release|Any CPU
		{CCC80A97-59B7-45BA-B749-F66504AE36A0}.Debug|Any CPU.ActiveCfg = Debug|Any CPU
		{CCC80A97-59B7-45BA-B749-F66504AE36A0}.Debug|Any CPU.Build.0 = Debug|Any CPU
		{CCC80A97-59B7-45BA-B749-F66504AE36A0}.Release|Any CPU.ActiveCfg = Release|Any CPU
		{CCC80A97-59B7-45BA-B749-F66504AE36A0}.Release|Any CPU.Build.0 = Release|Any CPU
	EndGlobalSection
	GlobalSection(SolutionProperties) = preSolution
		HideSolutionNode = FALSE
	EndGlobalSection
	GlobalSection(ExtensibilityGlobals) = postSolution
		SolutionGuid = {1AF29F08-C8BA-4B87-A12B-0B0390DABD92}
	EndGlobalSection
EndGlobal
